
Microsoft Visual Studio Solution File, Format Version 12.00
# Visual Studio Version 17
VisualStudioVersion = 17.11.35327.3
MinimumVisualStudioVersion = 10.0.40219.1
Project("{2150E333-8FDC-42A3-9474-1A3956D46DE8}") = "Task1", "Task1", "{73AE9695-1871-4B8F-A3D5-A69553224B89}"
EndProject
Project("{2150E333-8FDC-42A3-9474-1A3956D46DE8}") = "Task2", "Task2", "{D9DDBE4E-A0FA-4AD9-9A0E-BA8F2A58F31D}"
EndProject
Project("{2150E333-8FDC-42A3-9474-1A3956D46DE8}") = "Task3", "Task3", "{D8356F21-A367-4A76-B585-D922F4ADCB8F}"
EndProject
Project("{2150E333-8FDC-42A3-9474-1A3956D46DE8}") = "Task4", "Task4", "{96243415-CBAB-4D9B-BE4B-A74102E1D538}"
EndProject
Project("{2150E333-8FDC-42A3-9474-1A3956D46DE8}") = "Task5", "Task5", "{D6D7B671-BABD-44DB-9B8E-C0FD79C9E939}"
EndProject
Project("{2150E333-8FDC-42A3-9474-1A3956D46DE8}") = "Task0", "Task0", "{EC34FA2B-C403-4C21-9D0C-32F565F16361}"
EndProject
Project("{2150E333-8FDC-42A3-9474-1A3956D46DE8}") = "Task6", "Task6", "{350C0A44-19C4-4AA7-BC24-E71F10FF2FD3}"
EndProject
Project("{2150E333-8FDC-42A3-9474-1A3956D46DE8}") = "Task7", "Task7", "{B9EC8CCA-80E8-4688-A40D-D190FED4E522}"
EndProject
Project("{9A19103F-16F7-4668-BE54-9A1E7A4F7556}") = "Tyuiu.KovyazinAA.Sprint5.Task0.V15", "Tyuiu.KovyazinAA.Sprint5.Task0.V15\Tyuiu.KovyazinAA.Sprint5.Task0.V15.csproj", "{B30B00C9-61E8-4781-A0E8-044E849FCE32}"
EndProject
Project("{9A19103F-16F7-4668-BE54-9A1E7A4F7556}") = "Tyuiu.KovyazinAA.Sprint5.Task0.V15.Lib", "Tyuiu.KovyazinAA.Sprint5.Task0.V15.Lib\Tyuiu.KovyazinAA.Sprint5.Task0.V15.Lib.csproj", "{B5F89594-7FB7-4FCA-9C34-26D854EC7E16}"
EndProject
Project("{9A19103F-16F7-4668-BE54-9A1E7A4F7556}") = "Tyuiu.KovyazinAA.Sprint5.Task0.V15.Test", "Tyuiu.KovyazinAA.Sprint5.Task0.V15.Test\Tyuiu.KovyazinAA.Sprint5.Task0.V15.Test.csproj", "{E028FCBD-1B84-4C52-BEEB-87880EC9E21D}"
EndProject
Project("{9A19103F-16F7-4668-BE54-9A1E7A4F7556}") = "Tyuiu.KovyazinAA.Sprint5.Task1.V15", "Tyuiu.KovyazinAA.Sprint5.Task1.V15\Tyuiu.KovyazinAA.Sprint5.Task1.V15.csproj", "{ED478DD3-083B-492D-9113-85661EB8BD5B}"
EndProject
Project("{9A19103F-16F7-4668-BE54-9A1E7A4F7556}") = "Tyuiu.KovyazinAA.Sprint5.Task1.V15.Lib", "Tyuiu.KovyazinAA.Sprint5.Task1.V15.Lib\Tyuiu.KovyazinAA.Sprint5.Task1.V15.Lib.csproj", "{00443082-C275-47B0-B337-14D04E3151C2}"
EndProject
Project("{9A19103F-16F7-4668-BE54-9A1E7A4F7556}") = "Tyuiu.KovyazinAA.Sprint5.Task1.V15.Test", "Tyuiu.KovyazinAA.Sprint5.Task1.V15.Test\Tyuiu.KovyazinAA.Sprint5.Task1.V15.Test.csproj", "{190BB4ED-7E4D-4872-9D03-394DBC732EEC}"
EndProject
Project("{9A19103F-16F7-4668-BE54-9A1E7A4F7556}") = "Tyuiu.KovyazinAA.Sprint5.Task2.V24", "Tyuiu.KovyazinAA.Sprint5.Task2.V24\Tyuiu.KovyazinAA.Sprint5.Task2.V24.csproj", "{3CBABBB5-A406-4871-81DA-961B88641621}"
EndProject
Project("{9A19103F-16F7-4668-BE54-9A1E7A4F7556}") = "Tyuiu.KovyazinAA.Sprint5.Task2.V24.Lib", "Tyuiu.KovyazinAA.Sprint5.Task2.V24.Lib\Tyuiu.KovyazinAA.Sprint5.Task2.V24.Lib.csproj", "{B5A7E742-AC26-428D-8209-E7BBCF4133F7}"
EndProject
Project("{9A19103F-16F7-4668-BE54-9A1E7A4F7556}") = "Tyuiu.KovyazinAA.Sprint5.Task2.V24.Test", "Tyuiu.KovyazinAA.Sprint5.Task2.V24.Test\Tyuiu.KovyazinAA.Sprint5.Task2.V24.Test.csproj", "{0376556E-A774-4FE3-8C39-EE05B009D65C}"
EndProject
Project("{9A19103F-16F7-4668-BE54-9A1E7A4F7556}") = "Tyuiu.KovyazinAA.Sprint5.Task3.V9", "Tyuiu.KovyazinAA.Sprint5.Task3.V9\Tyuiu.KovyazinAA.Sprint5.Task3.V9.csproj", "{D218EC7A-AABF-4314-B85C-A85FF3EC82ED}"
EndProject
Project("{9A19103F-16F7-4668-BE54-9A1E7A4F7556}") = "Tyuiu.KovyazinAA.Sprint5.Task3.V9.Lib", "Tyuiu.KovyazinAA.Sprint5.Task3.V9.Lib\Tyuiu.KovyazinAA.Sprint5.Task3.V9.Lib.csproj", "{2AA23EE0-155F-440C-A03C-CECE68B99962}"
EndProject
Project("{9A19103F-16F7-4668-BE54-9A1E7A4F7556}") = "Tyuiu.KovyazinAA.Sprint5.Task3.V9.Test", "Tyuiu.KovyazinAA.Sprint5.Task3.V9.Test\Tyuiu.KovyazinAA.Sprint5.Task3.V9.Test.csproj", "{DA4E4B57-9974-4355-A2AE-5027A9F8EE76}"
EndProject
Project("{9A19103F-16F7-4668-BE54-9A1E7A4F7556}") = "Tyuiu.KovyazinAA.Sprint5.Task4.V29", "Tyuiu.KovyazinAA.Sprint5.Task4.V29\Tyuiu.KovyazinAA.Sprint5.Task4.V29.csproj", "{A36C05CE-858C-41D1-AA2E-813DD6BB52C6}"
EndProject
Project("{9A19103F-16F7-4668-BE54-9A1E7A4F7556}") = "Tyuiu.KovyazinAA.Sprint5.Task4.V29.Lib", "Tyuiu.KovyazinAA.Sprint5.Task4.V29.Lib\Tyuiu.KovyazinAA.Sprint5.Task4.V29.Lib.csproj", "{6FD340C1-7527-44CD-867D-922A8C047B3B}"
EndProject
Project("{9A19103F-16F7-4668-BE54-9A1E7A4F7556}") = "Tyuiu.KovyazinAA.Sprint5.Task4.V29.Test", "Tyuiu.KovyazinAA.Sprint5.Task4.V29.Test\Tyuiu.KovyazinAA.Sprint5.Task4.V29.Test.csproj", "{61E7B1B5-CC32-455F-99B0-F5C5D6EA6CBB}"
EndProject
Project("{9A19103F-16F7-4668-BE54-9A1E7A4F7556}") = "Tyuiu.KovyazinAA.Sprint5.Task5.V1", "Tyuiu.KovyazinAA.Sprint5.Task5.V1\Tyuiu.KovyazinAA.Sprint5.Task5.V1.csproj", "{EBC8212E-FF18-4637-B2B5-E955EE758188}"
EndProject
Project("{9A19103F-16F7-4668-BE54-9A1E7A4F7556}") = "Tyuiu.KovyazinAA.Sprint5.Task5.V1.Lib", "Tyuiu.KovyazinAA.Sprint5.Task5.V1.Lib\Tyuiu.KovyazinAA.Sprint5.Task5.V1.Lib.csproj", "{9FA85C8F-D779-4028-8665-86E5A1E1DEBD}"
EndProject
Project("{9A19103F-16F7-4668-BE54-9A1E7A4F7556}") = "Tyuiu.KovyazinAA.Sprint5.Task5.V1.Test", "Tyuiu.KovyazinAA.Sprint5.Task5.V1.Test\Tyuiu.KovyazinAA.Sprint5.Task5.V1.Test.csproj", "{93CB1DCF-D806-4847-AC3C-3E94B4130E0A}"
EndProject
Project("{FAE04EC0-301F-11D3-BF4B-00C04F79EFBC}") = "Tyuiu.KovyazinAA.Sprint5.Task6V28", "Tyuiu.KovyazinAA.Sprint5.Task6V28\Tyuiu.KovyazinAA.Sprint5.Task6V28.csproj", "{08FC1321-6E4F-473E-A6B6-7C6FD2778DCF}"
EndProject
Project("{FAE04EC0-301F-11D3-BF4B-00C04F79EFBC}") = "Tyuiu.KovyazinAA.Sprint5.Task6V28.Lib", "Tyuiu.KovyazinAA.Sprint5.Task6V28.Lib\Tyuiu.KovyazinAA.Sprint5.Task6V28.Lib.csproj", "{418BAF9E-1565-49B4-A37A-6FB0BF744CE0}"
EndProject
Project("{FAE04EC0-301F-11D3-BF4B-00C04F79EFBC}") = "Tyuiu.KovyazinAA.Sprint5.Task6.V28", "Tyuiu.KovyazinAA.Sprint5.Task6.V28\Tyuiu.KovyazinAA.Sprint5.Task6.V28.csproj", "{05A0BE5D-4C97-4FF6-8B3B-7033B1D340B2}"
EndProject
Project("{FAE04EC0-301F-11D3-BF4B-00C04F79EFBC}") = "Tyuiu.KovyazinAA.Sprint5.Task6.V28.Lib", "Tyuiu.KovyazinAA.Sprint5.Task6.V28.Lib\Tyuiu.KovyazinAA.Sprint5.Task6.V28.Lib.csproj", "{185316FA-CB91-405A-ABA3-2A15D3F0DA27}"
EndProject
Project("{FAE04EC0-301F-11D3-BF4B-00C04F79EFBC}") = "Tyuiu.KovyazinAA.Sprint5.Task6.V28.Test", "Tyuiu.KovyazinAA.Sprint5.Task6.V28.Test\Tyuiu.KovyazinAA.Sprint5.Task6.V28.Test.csproj", "{1B6E071B-B0F1-4EFB-9F13-424C14A38750}"
EndProject
Global
	GlobalSection(SolutionConfigurationPlatforms) = preSolution
		Debug|Any CPU = Debug|Any CPU
		Release|Any CPU = Release|Any CPU
	EndGlobalSection
	GlobalSection(ProjectConfigurationPlatforms) = postSolution
		{B30B00C9-61E8-4781-A0E8-044E849FCE32}.Debug|Any CPU.ActiveCfg = Debug|Any CPU
		{B30B00C9-61E8-4781-A0E8-044E849FCE32}.Debug|Any CPU.Build.0 = Debug|Any CPU
		{B30B00C9-61E8-4781-A0E8-044E849FCE32}.Release|Any CPU.ActiveCfg = Release|Any CPU
		{B30B00C9-61E8-4781-A0E8-044E849FCE32}.Release|Any CPU.Build.0 = Release|Any CPU
		{B5F89594-7FB7-4FCA-9C34-26D854EC7E16}.Debug|Any CPU.ActiveCfg = Debug|Any CPU
		{B5F89594-7FB7-4FCA-9C34-26D854EC7E16}.Debug|Any CPU.Build.0 = Debug|Any CPU
		{B5F89594-7FB7-4FCA-9C34-26D854EC7E16}.Release|Any CPU.ActiveCfg = Release|Any CPU
		{B5F89594-7FB7-4FCA-9C34-26D854EC7E16}.Release|Any CPU.Build.0 = Release|Any CPU
		{E028FCBD-1B84-4C52-BEEB-87880EC9E21D}.Debug|Any CPU.ActiveCfg = Debug|Any CPU
		{E028FCBD-1B84-4C52-BEEB-87880EC9E21D}.Debug|Any CPU.Build.0 = Debug|Any CPU
		{E028FCBD-1B84-4C52-BEEB-87880EC9E21D}.Release|Any CPU.ActiveCfg = Release|Any CPU
		{E028FCBD-1B84-4C52-BEEB-87880EC9E21D}.Release|Any CPU.Build.0 = Release|Any CPU
		{ED478DD3-083B-492D-9113-85661EB8BD5B}.Debug|Any CPU.ActiveCfg = Debug|Any CPU
		{ED478DD3-083B-492D-9113-85661EB8BD5B}.Debug|Any CPU.Build.0 = Debug|Any CPU
		{ED478DD3-083B-492D-9113-85661EB8BD5B}.Release|Any CPU.ActiveCfg = Release|Any CPU
		{ED478DD3-083B-492D-9113-85661EB8BD5B}.Release|Any CPU.Build.0 = Release|Any CPU
		{00443082-C275-47B0-B337-14D04E3151C2}.Debug|Any CPU.ActiveCfg = Debug|Any CPU
		{00443082-C275-47B0-B337-14D04E3151C2}.Debug|Any CPU.Build.0 = Debug|Any CPU
		{00443082-C275-47B0-B337-14D04E3151C2}.Release|Any CPU.ActiveCfg = Release|Any CPU
		{00443082-C275-47B0-B337-14D04E3151C2}.Release|Any CPU.Build.0 = Release|Any CPU
		{190BB4ED-7E4D-4872-9D03-394DBC732EEC}.Debug|Any CPU.ActiveCfg = Debug|Any CPU
		{190BB4ED-7E4D-4872-9D03-394DBC732EEC}.Debug|Any CPU.Build.0 = Debug|Any CPU
		{190BB4ED-7E4D-4872-9D03-394DBC732EEC}.Release|Any CPU.ActiveCfg = Release|Any CPU
		{190BB4ED-7E4D-4872-9D03-394DBC732EEC}.Release|Any CPU.Build.0 = Release|Any CPU
		{3CBABBB5-A406-4871-81DA-961B88641621}.Debug|Any CPU.ActiveCfg = Debug|Any CPU
		{3CBABBB5-A406-4871-81DA-961B88641621}.Debug|Any CPU.Build.0 = Debug|Any CPU
		{3CBABBB5-A406-4871-81DA-961B88641621}.Release|Any CPU.ActiveCfg = Release|Any CPU
		{3CBABBB5-A406-4871-81DA-961B88641621}.Release|Any CPU.Build.0 = Release|Any CPU
		{B5A7E742-AC26-428D-8209-E7BBCF4133F7}.Debug|Any CPU.ActiveCfg = Debug|Any CPU
		{B5A7E742-AC26-428D-8209-E7BBCF4133F7}.Debug|Any CPU.Build.0 = Debug|Any CPU
		{B5A7E742-AC26-428D-8209-E7BBCF4133F7}.Release|Any CPU.ActiveCfg = Release|Any CPU
		{B5A7E742-AC26-428D-8209-E7BBCF4133F7}.Release|Any CPU.Build.0 = Release|Any CPU
		{0376556E-A774-4FE3-8C39-EE05B009D65C}.Debug|Any CPU.ActiveCfg = Debug|Any CPU
		{0376556E-A774-4FE3-8C39-EE05B009D65C}.Debug|Any CPU.Build.0 = Debug|Any CPU
		{0376556E-A774-4FE3-8C39-EE05B009D65C}.Release|Any CPU.ActiveCfg = Release|Any CPU
		{0376556E-A774-4FE3-8C39-EE05B009D65C}.Release|Any CPU.Build.0 = Release|Any CPU
		{D218EC7A-AABF-4314-B85C-A85FF3EC82ED}.Debug|Any CPU.ActiveCfg = Debug|Any CPU
		{D218EC7A-AABF-4314-B85C-A85FF3EC82ED}.Debug|Any CPU.Build.0 = Debug|Any CPU
		{D218EC7A-AABF-4314-B85C-A85FF3EC82ED}.Release|Any CPU.ActiveCfg = Release|Any CPU
		{D218EC7A-AABF-4314-B85C-A85FF3EC82ED}.Release|Any CPU.Build.0 = Release|Any CPU
		{2AA23EE0-155F-440C-A03C-CECE68B99962}.Debug|Any CPU.ActiveCfg = Debug|Any CPU
		{2AA23EE0-155F-440C-A03C-CECE68B99962}.Debug|Any CPU.Build.0 = Debug|Any CPU
		{2AA23EE0-155F-440C-A03C-CECE68B99962}.Release|Any CPU.ActiveCfg = Release|Any CPU
		{2AA23EE0-155F-440C-A03C-CECE68B99962}.Release|Any CPU.Build.0 = Release|Any CPU
		{DA4E4B57-9974-4355-A2AE-5027A9F8EE76}.Debug|Any CPU.ActiveCfg = Debug|Any CPU
		{DA4E4B57-9974-4355-A2AE-5027A9F8EE76}.Debug|Any CPU.Build.0 = Debug|Any CPU
		{DA4E4B57-9974-4355-A2AE-5027A9F8EE76}.Release|Any CPU.ActiveCfg = Release|Any CPU
		{DA4E4B57-9974-4355-A2AE-5027A9F8EE76}.Release|Any CPU.Build.0 = Release|Any CPU
		{A36C05CE-858C-41D1-AA2E-813DD6BB52C6}.Debug|Any CPU.ActiveCfg = Debug|Any CPU
		{A36C05CE-858C-41D1-AA2E-813DD6BB52C6}.Debug|Any CPU.Build.0 = Debug|Any CPU
		{A36C05CE-858C-41D1-AA2E-813DD6BB52C6}.Release|Any CPU.ActiveCfg = Release|Any CPU
		{A36C05CE-858C-41D1-AA2E-813DD6BB52C6}.Release|Any CPU.Build.0 = Release|Any CPU
		{6FD340C1-7527-44CD-867D-922A8C047B3B}.Debug|Any CPU.ActiveCfg = Debug|Any CPU
		{6FD340C1-7527-44CD-867D-922A8C047B3B}.Debug|Any CPU.Build.0 = Debug|Any CPU
		{6FD340C1-7527-44CD-867D-922A8C047B3B}.Release|Any CPU.ActiveCfg = Release|Any CPU
		{6FD340C1-7527-44CD-867D-922A8C047B3B}.Release|Any CPU.Build.0 = Release|Any CPU
		{61E7B1B5-CC32-455F-99B0-F5C5D6EA6CBB}.Debug|Any CPU.ActiveCfg = Debug|Any CPU
		{61E7B1B5-CC32-455F-99B0-F5C5D6EA6CBB}.Debug|Any CPU.Build.0 = Debug|Any CPU
		{61E7B1B5-CC32-455F-99B0-F5C5D6EA6CBB}.Release|Any CPU.ActiveCfg = Release|Any CPU
		{61E7B1B5-CC32-455F-99B0-F5C5D6EA6CBB}.Release|Any CPU.Build.0 = Release|Any CPU
		{EBC8212E-FF18-4637-B2B5-E955EE758188}.Debug|Any CPU.ActiveCfg = Debug|Any CPU
		{EBC8212E-FF18-4637-B2B5-E955EE758188}.Debug|Any CPU.Build.0 = Debug|Any CPU
		{EBC8212E-FF18-4637-B2B5-E955EE758188}.Release|Any CPU.ActiveCfg = Release|Any CPU
		{EBC8212E-FF18-4637-B2B5-E955EE758188}.Release|Any CPU.Build.0 = Release|Any CPU
		{9FA85C8F-D779-4028-8665-86E5A1E1DEBD}.Debug|Any CPU.ActiveCfg = Debug|Any CPU
		{9FA85C8F-D779-4028-8665-86E5A1E1DEBD}.Debug|Any CPU.Build.0 = Debug|Any CPU
		{9FA85C8F-D779-4028-8665-86E5A1E1DEBD}.Release|Any CPU.ActiveCfg = Release|Any CPU
		{9FA85C8F-D779-4028-8665-86E5A1E1DEBD}.Release|Any CPU.Build.0 = Release|Any CPU
		{93CB1DCF-D806-4847-AC3C-3E94B4130E0A}.Debug|Any CPU.ActiveCfg = Debug|Any CPU
		{93CB1DCF-D806-4847-AC3C-3E94B4130E0A}.Debug|Any CPU.Build.0 = Debug|Any CPU
		{93CB1DCF-D806-4847-AC3C-3E94B4130E0A}.Release|Any CPU.ActiveCfg = Release|Any CPU
		{93CB1DCF-D806-4847-AC3C-3E94B4130E0A}.Release|Any CPU.Build.0 = Release|Any CPU
		{08FC1321-6E4F-473E-A6B6-7C6FD2778DCF}.Debug|Any CPU.ActiveCfg = Debug|Any CPU
		{08FC1321-6E4F-473E-A6B6-7C6FD2778DCF}.Debug|Any CPU.Build.0 = Debug|Any CPU
		{08FC1321-6E4F-473E-A6B6-7C6FD2778DCF}.Release|Any CPU.ActiveCfg = Release|Any CPU
		{08FC1321-6E4F-473E-A6B6-7C6FD2778DCF}.Release|Any CPU.Build.0 = Release|Any CPU
		{418BAF9E-1565-49B4-A37A-6FB0BF744CE0}.Debug|Any CPU.ActiveCfg = Debug|Any CPU
		{418BAF9E-1565-49B4-A37A-6FB0BF744CE0}.Debug|Any CPU.Build.0 = Debug|Any CPU
		{418BAF9E-1565-49B4-A37A-6FB0BF744CE0}.Release|Any CPU.ActiveCfg = Release|Any CPU
		{418BAF9E-1565-49B4-A37A-6FB0BF744CE0}.Release|Any CPU.Build.0 = Release|Any CPU
		{05A0BE5D-4C97-4FF6-8B3B-7033B1D340B2}.Debug|Any CPU.ActiveCfg = Debug|Any CPU
		{05A0BE5D-4C97-4FF6-8B3B-7033B1D340B2}.Debug|Any CPU.Build.0 = Debug|Any CPU
		{05A0BE5D-4C97-4FF6-8B3B-7033B1D340B2}.Release|Any CPU.ActiveCfg = Release|Any CPU
		{05A0BE5D-4C97-4FF6-8B3B-7033B1D340B2}.Release|Any CPU.Build.0 = Release|Any CPU
		{185316FA-CB91-405A-ABA3-2A15D3F0DA27}.Debug|Any CPU.ActiveCfg = Debug|Any CPU
		{185316FA-CB91-405A-ABA3-2A15D3F0DA27}.Debug|Any CPU.Build.0 = Debug|Any CPU
		{185316FA-CB91-405A-ABA3-2A15D3F0DA27}.Release|Any CPU.ActiveCfg = Release|Any CPU
		{185316FA-CB91-405A-ABA3-2A15D3F0DA27}.Release|Any CPU.Build.0 = Release|Any CPU
		{1B6E071B-B0F1-4EFB-9F13-424C14A38750}.Debug|Any CPU.ActiveCfg = Debug|Any CPU
		{1B6E071B-B0F1-4EFB-9F13-424C14A38750}.Debug|Any CPU.Build.0 = Debug|Any CPU
		{1B6E071B-B0F1-4EFB-9F13-424C14A38750}.Release|Any CPU.ActiveCfg = Release|Any CPU
		{1B6E071B-B0F1-4EFB-9F13-424C14A38750}.Release|Any CPU.Build.0 = Release|Any CPU
	EndGlobalSection
	GlobalSection(SolutionProperties) = preSolution
		HideSolutionNode = FALSE
	EndGlobalSection
	GlobalSection(NestedProjects) = preSolution
		{B30B00C9-61E8-4781-A0E8-044E849FCE32} = {EC34FA2B-C403-4C21-9D0C-32F565F16361}
		{B5F89594-7FB7-4FCA-9C34-26D854EC7E16} = {EC34FA2B-C403-4C21-9D0C-32F565F16361}
		{E028FCBD-1B84-4C52-BEEB-87880EC9E21D} = {EC34FA2B-C403-4C21-9D0C-32F565F16361}
		{ED478DD3-083B-492D-9113-85661EB8BD5B} = {73AE9695-1871-4B8F-A3D5-A69553224B89}
		{00443082-C275-47B0-B337-14D04E3151C2} = {73AE9695-1871-4B8F-A3D5-A69553224B89}
		{190BB4ED-7E4D-4872-9D03-394DBC732EEC} = {73AE9695-1871-4B8F-A3D5-A69553224B89}
		{3CBABBB5-A406-4871-81DA-961B88641621} = {D9DDBE4E-A0FA-4AD9-9A0E-BA8F2A58F31D}
		{B5A7E742-AC26-428D-8209-E7BBCF4133F7} = {D9DDBE4E-A0FA-4AD9-9A0E-BA8F2A58F31D}
		{0376556E-A774-4FE3-8C39-EE05B009D65C} = {D9DDBE4E-A0FA-4AD9-9A0E-BA8F2A58F31D}
		{D218EC7A-AABF-4314-B85C-A85FF3EC82ED} = {D8356F21-A367-4A76-B585-D922F4ADCB8F}
		{2AA23EE0-155F-440C-A03C-CECE68B99962} = {D8356F21-A367-4A76-B585-D922F4ADCB8F}
		{DA4E4B57-9974-4355-A2AE-5027A9F8EE76} = {D8356F21-A367-4A76-B585-D922F4ADCB8F}
		{A36C05CE-858C-41D1-AA2E-813DD6BB52C6} = {96243415-CBAB-4D9B-BE4B-A74102E1D538}
		{6FD340C1-7527-44CD-867D-922A8C047B3B} = {96243415-CBAB-4D9B-BE4B-A74102E1D538}
		{61E7B1B5-CC32-455F-99B0-F5C5D6EA6CBB} = {96243415-CBAB-4D9B-BE4B-A74102E1D538}
		{EBC8212E-FF18-4637-B2B5-E955EE758188} = {D6D7B671-BABD-44DB-9B8E-C0FD79C9E939}
		{9FA85C8F-D779-4028-8665-86E5A1E1DEBD} = {D6D7B671-BABD-44DB-9B8E-C0FD79C9E939}
		{93CB1DCF-D806-4847-AC3C-3E94B4130E0A} = {D6D7B671-BABD-44DB-9B8E-C0FD79C9E939}
		{08FC1321-6E4F-473E-A6B6-7C6FD2778DCF} = {350C0A44-19C4-4AA7-BC24-E71F10FF2FD3}
		{418BAF9E-1565-49B4-A37A-6FB0BF744CE0} = {350C0A44-19C4-4AA7-BC24-E71F10FF2FD3}
		{05A0BE5D-4C97-4FF6-8B3B-7033B1D340B2} = {350C0A44-19C4-4AA7-BC24-E71F10FF2FD3}
		{185316FA-CB91-405A-ABA3-2A15D3F0DA27} = {350C0A44-19C4-4AA7-BC24-E71F10FF2FD3}
		{1B6E071B-B0F1-4EFB-9F13-424C14A38750} = {350C0A44-19C4-4AA7-BC24-E71F10FF2FD3}
	EndGlobalSection
	GlobalSection(ExtensibilityGlobals) = postSolution
		SolutionGuid = {5EBF4357-CAD6-4B48-8DBB-0B7C9F50B476}
	EndGlobalSection
EndGlobal
